// !$*UTF8*$!
{
	archiveVersion = 1;
	classes = {
	};
	objectVersion = 50;
	objects = {

/* Begin PBXBuildFile section */
		0FBCFAFF20D32D8100F3494E /* AppDelegate.swift in Sources */ = {isa = PBXBuildFile; fileRef = 0FBCFAFE20D32D8100F3494E /* AppDelegate.swift */; };
		0FBCFB0420D32D8100F3494E /* Main.storyboard in Resources */ = {isa = PBXBuildFile; fileRef = 0FBCFB0220D32D8100F3494E /* Main.storyboard */; };
		0FBCFB0620D32D8300F3494E /* Assets.xcassets in Resources */ = {isa = PBXBuildFile; fileRef = 0FBCFB0520D32D8300F3494E /* Assets.xcassets */; };
		0FBCFB0920D32D8300F3494E /* LaunchScreen.storyboard in Resources */ = {isa = PBXBuildFile; fileRef = 0FBCFB0720D32D8300F3494E /* LaunchScreen.storyboard */; };
		E98F0F0A20D737D6008545D2 /* Cart.swift in Sources */ = {isa = PBXBuildFile; fileRef = E98F0F0920D737D6008545D2 /* Cart.swift */; };
		E98F0F0C20D73913008545D2 /* StoreMenu.swift in Sources */ = {isa = PBXBuildFile; fileRef = E98F0F0B20D73913008545D2 /* StoreMenu.swift */; };
		E98F0F0E20D73C9F008545D2 /* menu.plist in Resources */ = {isa = PBXBuildFile; fileRef = E98F0F0D20D73C9F008545D2 /* menu.plist */; };
		E98F0F1620D74AB1008545D2 /* TezrBottleMenuiPadTests.swift in Sources */ = {isa = PBXBuildFile; fileRef = E98F0F1520D74AB1008545D2 /* TezrBottleMenuiPadTests.swift */; };
		E98F0F1D20D74C36008545D2 /* menu.plist in Resources */ = {isa = PBXBuildFile; fileRef = E98F0F0D20D73C9F008545D2 /* menu.plist */; };
		E98F0F1F20D74D28008545D2 /* CartTests.swift in Sources */ = {isa = PBXBuildFile; fileRef = E98F0F1E20D74D28008545D2 /* CartTests.swift */; };
		E98F0F2120D80611008545D2 /* StoreMenuViewController.swift in Sources */ = {isa = PBXBuildFile; fileRef = E98F0F2020D80611008545D2 /* StoreMenuViewController.swift */; };
		E98F0F2520D80763008545D2 /* BottleCollectionViewCell.swift in Sources */ = {isa = PBXBuildFile; fileRef = E98F0F2420D80763008545D2 /* BottleCollectionViewCell.swift */; };
		E98F0F2720D80779008545D2 /* BottleCollectionViewCell.xib in Resources */ = {isa = PBXBuildFile; fileRef = E98F0F2620D80779008545D2 /* BottleCollectionViewCell.xib */; };
		E98F0F2A20D80CC1008545D2 /* View+StackView.swift in Sources */ = {isa = PBXBuildFile; fileRef = E98F0F2920D80CC0008545D2 /* View+StackView.swift */; };
		E98F0F3020D846FA008545D2 /* Currency.swift in Sources */ = {isa = PBXBuildFile; fileRef = E98F0F2F20D846FA008545D2 /* Currency.swift */; };
		E98F0F3320D855F8008545D2 /* MenuHeaderCollectionReusableView.swift in Sources */ = {isa = PBXBuildFile; fileRef = E98F0F3120D855F8008545D2 /* MenuHeaderCollectionReusableView.swift */; };
		E98F0F3420D855F8008545D2 /* MenuHeaderCollectionReusableView.xib in Resources */ = {isa = PBXBuildFile; fileRef = E98F0F3220D855F8008545D2 /* MenuHeaderCollectionReusableView.xib */; };
		E98F0F3720D873D1008545D2 /* UniversalExtentions.swift in Sources */ = {isa = PBXBuildFile; fileRef = E98F0F3520D873D1008545D2 /* UniversalExtentions.swift */; };
		E98F0F3820D873D1008545D2 /* UniversalExtensions+Date.swift in Sources */ = {isa = PBXBuildFile; fileRef = E98F0F3620D873D1008545D2 /* UniversalExtensions+Date.swift */; };
/* End PBXBuildFile section */

/* Begin PBXContainerItemProxy section */
		E98F0F1820D74AB1008545D2 /* PBXContainerItemProxy */ = {
			isa = PBXContainerItemProxy;
			containerPortal = 0FBCFAF320D32D8100F3494E /* Project object */;
			proxyType = 1;
			remoteGlobalIDString = 0FBCFAFA20D32D8100F3494E;
			remoteInfo = TezrBottleMenuiPad;
		};
/* End PBXContainerItemProxy section */

/* Begin PBXFileReference section */
		0FBCFAFB20D32D8100F3494E /* TezrBottleMenuiPad.app */ = {isa = PBXFileReference; explicitFileType = wrapper.application; includeInIndex = 0; path = TezrBottleMenuiPad.app; sourceTree = BUILT_PRODUCTS_DIR; };
		0FBCFAFE20D32D8100F3494E /* AppDelegate.swift */ = {isa = PBXFileReference; lastKnownFileType = sourcecode.swift; path = AppDelegate.swift; sourceTree = "<group>"; };
		0FBCFB0320D32D8100F3494E /* Base */ = {isa = PBXFileReference; lastKnownFileType = file.storyboard; name = Base; path = Base.lproj/Main.storyboard; sourceTree = "<group>"; };
		0FBCFB0520D32D8300F3494E /* Assets.xcassets */ = {isa = PBXFileReference; lastKnownFileType = folder.assetcatalog; path = Assets.xcassets; sourceTree = "<group>"; };
		0FBCFB0820D32D8300F3494E /* Base */ = {isa = PBXFileReference; lastKnownFileType = file.storyboard; name = Base; path = Base.lproj/LaunchScreen.storyboard; sourceTree = "<group>"; };
		0FBCFB0A20D32D8300F3494E /* Info.plist */ = {isa = PBXFileReference; lastKnownFileType = text.plist.xml; path = Info.plist; sourceTree = "<group>"; };
		E98F0F0920D737D6008545D2 /* Cart.swift */ = {isa = PBXFileReference; lastKnownFileType = sourcecode.swift; path = Cart.swift; sourceTree = "<group>"; };
		E98F0F0B20D73913008545D2 /* StoreMenu.swift */ = {isa = PBXFileReference; lastKnownFileType = sourcecode.swift; path = StoreMenu.swift; sourceTree = "<group>"; };
		E98F0F0D20D73C9F008545D2 /* menu.plist */ = {isa = PBXFileReference; lastKnownFileType = text.plist.xml; path = menu.plist; sourceTree = "<group>"; };
		E98F0F1320D74AB1008545D2 /* TezrBottleMenuiPadTests.xctest */ = {isa = PBXFileReference; explicitFileType = wrapper.cfbundle; includeInIndex = 0; path = TezrBottleMenuiPadTests.xctest; sourceTree = BUILT_PRODUCTS_DIR; };
		E98F0F1520D74AB1008545D2 /* TezrBottleMenuiPadTests.swift */ = {isa = PBXFileReference; lastKnownFileType = sourcecode.swift; path = TezrBottleMenuiPadTests.swift; sourceTree = "<group>"; };
		E98F0F1720D74AB1008545D2 /* Info.plist */ = {isa = PBXFileReference; lastKnownFileType = text.plist.xml; path = Info.plist; sourceTree = "<group>"; };
		E98F0F1E20D74D28008545D2 /* CartTests.swift */ = {isa = PBXFileReference; lastKnownFileType = sourcecode.swift; path = CartTests.swift; sourceTree = "<group>"; };
		E98F0F2020D80611008545D2 /* StoreMenuViewController.swift */ = {isa = PBXFileReference; lastKnownFileType = sourcecode.swift; path = StoreMenuViewController.swift; sourceTree = "<group>"; };
		E98F0F2420D80763008545D2 /* BottleCollectionViewCell.swift */ = {isa = PBXFileReference; lastKnownFileType = sourcecode.swift; path = BottleCollectionViewCell.swift; sourceTree = "<group>"; };
		E98F0F2620D80779008545D2 /* BottleCollectionViewCell.xib */ = {isa = PBXFileReference; lastKnownFileType = file.xib; path = BottleCollectionViewCell.xib; sourceTree = "<group>"; };
		E98F0F2920D80CC0008545D2 /* View+StackView.swift */ = {isa = PBXFileReference; fileEncoding = 4; lastKnownFileType = sourcecode.swift; path = "View+StackView.swift"; sourceTree = "<group>"; };
		E98F0F2F20D846FA008545D2 /* Currency.swift */ = {isa = PBXFileReference; lastKnownFileType = sourcecode.swift; path = Currency.swift; sourceTree = "<group>"; };
		E98F0F3120D855F8008545D2 /* MenuHeaderCollectionReusableView.swift */ = {isa = PBXFileReference; lastKnownFileType = sourcecode.swift; path = MenuHeaderCollectionReusableView.swift; sourceTree = "<group>"; };
		E98F0F3220D855F8008545D2 /* MenuHeaderCollectionReusableView.xib */ = {isa = PBXFileReference; lastKnownFileType = file.xib; path = MenuHeaderCollectionReusableView.xib; sourceTree = "<group>"; };
		E98F0F3520D873D1008545D2 /* UniversalExtentions.swift */ = {isa = PBXFileReference; fileEncoding = 4; lastKnownFileType = sourcecode.swift; path = UniversalExtentions.swift; sourceTree = "<group>"; };
		E98F0F3620D873D1008545D2 /* UniversalExtensions+Date.swift */ = {isa = PBXFileReference; fileEncoding = 4; lastKnownFileType = sourcecode.swift; path = "UniversalExtensions+Date.swift"; sourceTree = "<group>"; };
/* End PBXFileReference section */

/* Begin PBXFrameworksBuildPhase section */
		0FBCFAF820D32D8100F3494E /* Frameworks */ = {
			isa = PBXFrameworksBuildPhase;
			buildActionMask = 2147483647;
			files = (
			);
			runOnlyForDeploymentPostprocessing = 0;
		};
		E98F0F1020D74AB1008545D2 /* Frameworks */ = {
			isa = PBXFrameworksBuildPhase;
			buildActionMask = 2147483647;
			files = (
			);
			runOnlyForDeploymentPostprocessing = 0;
		};
/* End PBXFrameworksBuildPhase section */

/* Begin PBXGroup section */
		0FBCFAF220D32D8100F3494E = {
			isa = PBXGroup;
			children = (
				0FBCFAFD20D32D8100F3494E /* TezrBottleMenuiPad */,
				E98F0F1420D74AB1008545D2 /* TezrBottleMenuiPadTests */,
				0FBCFAFC20D32D8100F3494E /* Products */,
			);
			sourceTree = "<group>";
		};
		0FBCFAFC20D32D8100F3494E /* Products */ = {
			isa = PBXGroup;
			children = (
				0FBCFAFB20D32D8100F3494E /* TezrBottleMenuiPad.app */,
				E98F0F1320D74AB1008545D2 /* TezrBottleMenuiPadTests.xctest */,
			);
			name = Products;
			sourceTree = "<group>";
		};
		0FBCFAFD20D32D8100F3494E /* TezrBottleMenuiPad */ = {
			isa = PBXGroup;
			children = (
				E98F0F2820D80CB6008545D2 /* Extensions */,
				E98F0F2320D80746008545D2 /* UICustom */,
				E98F0F0820D737C4008545D2 /* Models */,
				0FBCFAFE20D32D8100F3494E /* AppDelegate.swift */,
				E98F0F0720D737B2008545D2 /* Cart Menu */,
				0FBCFB0220D32D8100F3494E /* Main.storyboard */,
				E98F0F0620D7379B008545D2 /* Supporting Files */,
			);
			path = TezrBottleMenuiPad;
			sourceTree = "<group>";
		};
		E98F0F0620D7379B008545D2 /* Supporting Files */ = {
			isa = PBXGroup;
			children = (
				0FBCFB0520D32D8300F3494E /* Assets.xcassets */,
				0FBCFB0720D32D8300F3494E /* LaunchScreen.storyboard */,
				0FBCFB0A20D32D8300F3494E /* Info.plist */,
			);
			name = "Supporting Files";
			sourceTree = "<group>";
		};
		E98F0F0720D737B2008545D2 /* Cart Menu */ = {
			isa = PBXGroup;
			children = (
				E98F0F2020D80611008545D2 /* StoreMenuViewController.swift */,
			);
			name = "Cart Menu";
			sourceTree = "<group>";
		};
		E98F0F0820D737C4008545D2 /* Models */ = {
			isa = PBXGroup;
			children = (
				E98F0F0B20D73913008545D2 /* StoreMenu.swift */,
				E98F0F0D20D73C9F008545D2 /* menu.plist */,
				E98F0F0920D737D6008545D2 /* Cart.swift */,
				E98F0F2F20D846FA008545D2 /* Currency.swift */,
			);
			name = Models;
			sourceTree = "<group>";
		};
		E98F0F1420D74AB1008545D2 /* TezrBottleMenuiPadTests */ = {
			isa = PBXGroup;
			children = (
				E98F0F1520D74AB1008545D2 /* TezrBottleMenuiPadTests.swift */,
				E98F0F1E20D74D28008545D2 /* CartTests.swift */,
				E98F0F1720D74AB1008545D2 /* Info.plist */,
			);
			path = TezrBottleMenuiPadTests;
			sourceTree = "<group>";
		};
		E98F0F2320D80746008545D2 /* UICustom */ = {
			isa = PBXGroup;
			children = (
				E98F0F2420D80763008545D2 /* BottleCollectionViewCell.swift */,
				E98F0F2620D80779008545D2 /* BottleCollectionViewCell.xib */,
				E98F0F3120D855F8008545D2 /* MenuHeaderCollectionReusableView.swift */,
				E98F0F3220D855F8008545D2 /* MenuHeaderCollectionReusableView.xib */,
			);
			name = UICustom;
			sourceTree = "<group>";
		};
		E98F0F2820D80CB6008545D2 /* Extensions */ = {
			isa = PBXGroup;
			children = (
				E98F0F3620D873D1008545D2 /* UniversalExtensions+Date.swift */,
				E98F0F3520D873D1008545D2 /* UniversalExtentions.swift */,
				E98F0F2920D80CC0008545D2 /* View+StackView.swift */,
			);
			name = Extensions;
			sourceTree = "<group>";
		};
/* End PBXGroup section */

/* Begin PBXNativeTarget section */
		0FBCFAFA20D32D8100F3494E /* TezrBottleMenuiPad */ = {
			isa = PBXNativeTarget;
			buildConfigurationList = 0FBCFB0D20D32D8300F3494E /* Build configuration list for PBXNativeTarget "TezrBottleMenuiPad" */;
			buildPhases = (
				0FBCFAF720D32D8100F3494E /* Sources */,
				0FBCFAF820D32D8100F3494E /* Frameworks */,
				0FBCFAF920D32D8100F3494E /* Resources */,
			);
			buildRules = (
			);
			dependencies = (
			);
			name = TezrBottleMenuiPad;
			productName = TezrBottleMenuiPad;
			productReference = 0FBCFAFB20D32D8100F3494E /* TezrBottleMenuiPad.app */;
			productType = "com.apple.product-type.application";
		};
		E98F0F1220D74AB1008545D2 /* TezrBottleMenuiPadTests */ = {
			isa = PBXNativeTarget;
			buildConfigurationList = E98F0F1A20D74AB1008545D2 /* Build configuration list for PBXNativeTarget "TezrBottleMenuiPadTests" */;
			buildPhases = (
				E98F0F0F20D74AB1008545D2 /* Sources */,
				E98F0F1020D74AB1008545D2 /* Frameworks */,
				E98F0F1120D74AB1008545D2 /* Resources */,
			);
			buildRules = (
			);
			dependencies = (
				E98F0F1920D74AB1008545D2 /* PBXTargetDependency */,
			);
			name = TezrBottleMenuiPadTests;
			productName = TezrBottleMenuiPadTests;
			productReference = E98F0F1320D74AB1008545D2 /* TezrBottleMenuiPadTests.xctest */;
			productType = "com.apple.product-type.bundle.unit-test";
		};
/* End PBXNativeTarget section */

/* Begin PBXProject section */
		0FBCFAF320D32D8100F3494E /* Project object */ = {
			isa = PBXProject;
			attributes = {
				LastSwiftUpdateCheck = 0940;
				LastUpgradeCheck = 0940;
				ORGANIZATIONNAME = "Jona Araujo";
				TargetAttributes = {
					0FBCFAFA20D32D8100F3494E = {
						CreatedOnToolsVersion = 9.4;
					};
					E98F0F1220D74AB1008545D2 = {
						CreatedOnToolsVersion = 9.4;
						TestTargetID = 0FBCFAFA20D32D8100F3494E;
					};
				};
			};
			buildConfigurationList = 0FBCFAF620D32D8100F3494E /* Build configuration list for PBXProject "TezrBottleMenuiPad" */;
			compatibilityVersion = "Xcode 9.3";
			developmentRegion = en;
			hasScannedForEncodings = 0;
			knownRegions = (
				en,
				Base,
			);
			mainGroup = 0FBCFAF220D32D8100F3494E;
			productRefGroup = 0FBCFAFC20D32D8100F3494E /* Products */;
			projectDirPath = "";
			projectRoot = "";
			targets = (
				0FBCFAFA20D32D8100F3494E /* TezrBottleMenuiPad */,
				E98F0F1220D74AB1008545D2 /* TezrBottleMenuiPadTests */,
			);
		};
/* End PBXProject section */

/* Begin PBXResourcesBuildPhase section */
		0FBCFAF920D32D8100F3494E /* Resources */ = {
			isa = PBXResourcesBuildPhase;
			buildActionMask = 2147483647;
			files = (
				0FBCFB0920D32D8300F3494E /* LaunchScreen.storyboard in Resources */,
				E98F0F0E20D73C9F008545D2 /* menu.plist in Resources */,
				0FBCFB0620D32D8300F3494E /* Assets.xcassets in Resources */,
				E98F0F3420D855F8008545D2 /* MenuHeaderCollectionReusableView.xib in Resources */,
				E98F0F2720D80779008545D2 /* BottleCollectionViewCell.xib in Resources */,
				0FBCFB0420D32D8100F3494E /* Main.storyboard in Resources */,
			);
			runOnlyForDeploymentPostprocessing = 0;
		};
		E98F0F1120D74AB1008545D2 /* Resources */ = {
			isa = PBXResourcesBuildPhase;
			buildActionMask = 2147483647;
			files = (
				E98F0F1D20D74C36008545D2 /* menu.plist in Resources */,
			);
			runOnlyForDeploymentPostprocessing = 0;
		};
/* End PBXResourcesBuildPhase section */

/* Begin PBXSourcesBuildPhase section */
		0FBCFAF720D32D8100F3494E /* Sources */ = {
			isa = PBXSourcesBuildPhase;
			buildActionMask = 2147483647;
			files = (
				E98F0F0C20D73913008545D2 /* StoreMenu.swift in Sources */,
				E98F0F3020D846FA008545D2 /* Currency.swift in Sources */,
				E98F0F2120D80611008545D2 /* StoreMenuViewController.swift in Sources */,
				E98F0F2A20D80CC1008545D2 /* View+StackView.swift in Sources */,
				E98F0F0A20D737D6008545D2 /* Cart.swift in Sources */,
				E98F0F3820D873D1008545D2 /* UniversalExtensions+Date.swift in Sources */,
				E98F0F3720D873D1008545D2 /* UniversalExtentions.swift in Sources */,
				0FBCFAFF20D32D8100F3494E /* AppDelegate.swift in Sources */,
				E98F0F3320D855F8008545D2 /* MenuHeaderCollectionReusableView.swift in Sources */,
				E98F0F2520D80763008545D2 /* BottleCollectionViewCell.swift in Sources */,
			);
			runOnlyForDeploymentPostprocessing = 0;
		};
		E98F0F0F20D74AB1008545D2 /* Sources */ = {
			isa = PBXSourcesBuildPhase;
			buildActionMask = 2147483647;
			files = (
				E98F0F1620D74AB1008545D2 /* TezrBottleMenuiPadTests.swift in Sources */,
				E98F0F1F20D74D28008545D2 /* CartTests.swift in Sources */,
			);
			runOnlyForDeploymentPostprocessing = 0;
		};
/* End PBXSourcesBuildPhase section */

/* Begin PBXTargetDependency section */
		E98F0F1920D74AB1008545D2 /* PBXTargetDependency */ = {
			isa = PBXTargetDependency;
			target = 0FBCFAFA20D32D8100F3494E /* TezrBottleMenuiPad */;
			targetProxy = E98F0F1820D74AB1008545D2 /* PBXContainerItemProxy */;
		};
/* End PBXTargetDependency section */

/* Begin PBXVariantGroup section */
		0FBCFB0220D32D8100F3494E /* Main.storyboard */ = {
			isa = PBXVariantGroup;
			children = (
				0FBCFB0320D32D8100F3494E /* Base */,
			);
			name = Main.storyboard;
			sourceTree = "<group>";
		};
		0FBCFB0720D32D8300F3494E /* LaunchScreen.storyboard */ = {
			isa = PBXVariantGroup;
			children = (
				0FBCFB0820D32D8300F3494E /* Base */,
			);
			name = LaunchScreen.storyboard;
			sourceTree = "<group>";
		};
/* End PBXVariantGroup section */

/* Begin XCBuildConfiguration section */
		0FBCFB0B20D32D8300F3494E /* Debug */ = {
			isa = XCBuildConfiguration;
			buildSettings = {
				ALWAYS_SEARCH_USER_PATHS = NO;
				CLANG_ANALYZER_NONNULL = YES;
				CLANG_ANALYZER_NUMBER_OBJECT_CONVERSION = YES_AGGRESSIVE;
				CLANG_CXX_LANGUAGE_STANDARD = "gnu++14";
				CLANG_CXX_LIBRARY = "libc++";
				CLANG_ENABLE_MODULES = YES;
				CLANG_ENABLE_OBJC_ARC = YES;
				CLANG_ENABLE_OBJC_WEAK = YES;
				CLANG_WARN_BLOCK_CAPTURE_AUTORELEASING = YES;
				CLANG_WARN_BOOL_CONVERSION = YES;
				CLANG_WARN_COMMA = YES;
				CLANG_WARN_CONSTANT_CONVERSION = YES;
				CLANG_WARN_DEPRECATED_OBJC_IMPLEMENTATIONS = YES;
				CLANG_WARN_DIRECT_OBJC_ISA_USAGE = YES_ERROR;
				CLANG_WARN_DOCUMENTATION_COMMENTS = YES;
				CLANG_WARN_EMPTY_BODY = YES;
				CLANG_WARN_ENUM_CONVERSION = YES;
				CLANG_WARN_INFINITE_RECURSION = YES;
				CLANG_WARN_INT_CONVERSION = YES;
				CLANG_WARN_NON_LITERAL_NULL_CONVERSION = YES;
				CLANG_WARN_OBJC_IMPLICIT_RETAIN_SELF = YES;
				CLANG_WARN_OBJC_LITERAL_CONVERSION = YES;
				CLANG_WARN_OBJC_ROOT_CLASS = YES_ERROR;
				CLANG_WARN_RANGE_LOOP_ANALYSIS = YES;
				CLANG_WARN_STRICT_PROTOTYPES = YES;
				CLANG_WARN_SUSPICIOUS_MOVE = YES;
				CLANG_WARN_UNGUARDED_AVAILABILITY = YES_AGGRESSIVE;
				CLANG_WARN_UNREACHABLE_CODE = YES;
				CLANG_WARN__DUPLICATE_METHOD_MATCH = YES;
				CODE_SIGN_IDENTITY = "iPhone Developer";
				COPY_PHASE_STRIP = NO;
				DEBUG_INFORMATION_FORMAT = dwarf;
				ENABLE_STRICT_OBJC_MSGSEND = YES;
				ENABLE_TESTABILITY = YES;
				GCC_C_LANGUAGE_STANDARD = gnu11;
				GCC_DYNAMIC_NO_PIC = NO;
				GCC_NO_COMMON_BLOCKS = YES;
				GCC_OPTIMIZATION_LEVEL = 0;
				GCC_PREPROCESSOR_DEFINITIONS = (
					"DEBUG=1",
					"$(inherited)",
				);
				GCC_WARN_64_TO_32_BIT_CONVERSION = YES;
				GCC_WARN_ABOUT_RETURN_TYPE = YES_ERROR;
				GCC_WARN_UNDECLARED_SELECTOR = YES;
				GCC_WARN_UNINITIALIZED_AUTOS = YES_AGGRESSIVE;
				GCC_WARN_UNUSED_FUNCTION = YES;
				GCC_WARN_UNUSED_VARIABLE = YES;
				IPHONEOS_DEPLOYMENT_TARGET = 11.4;
				MTL_ENABLE_DEBUG_INFO = YES;
				ONLY_ACTIVE_ARCH = YES;
				SDKROOT = iphoneos;
				SWIFT_ACTIVE_COMPILATION_CONDITIONS = DEBUG;
				SWIFT_OPTIMIZATION_LEVEL = "-Onone";
			};
			name = Debug;
		};
		0FBCFB0C20D32D8300F3494E /* Release */ = {
			isa = XCBuildConfiguration;
			buildSettings = {
				ALWAYS_SEARCH_USER_PATHS = NO;
				CLANG_ANALYZER_NONNULL = YES;
				CLANG_ANALYZER_NUMBER_OBJECT_CONVERSION = YES_AGGRESSIVE;
				CLANG_CXX_LANGUAGE_STANDARD = "gnu++14";
				CLANG_CXX_LIBRARY = "libc++";
				CLANG_ENABLE_MODULES = YES;
				CLANG_ENABLE_OBJC_ARC = YES;
				CLANG_ENABLE_OBJC_WEAK = YES;
				CLANG_WARN_BLOCK_CAPTURE_AUTORELEASING = YES;
				CLANG_WARN_BOOL_CONVERSION = YES;
				CLANG_WARN_COMMA = YES;
				CLANG_WARN_CONSTANT_CONVERSION = YES;
				CLANG_WARN_DEPRECATED_OBJC_IMPLEMENTATIONS = YES;
				CLANG_WARN_DIRECT_OBJC_ISA_USAGE = YES_ERROR;
				CLANG_WARN_DOCUMENTATION_COMMENTS = YES;
				CLANG_WARN_EMPTY_BODY = YES;
				CLANG_WARN_ENUM_CONVERSION = YES;
				CLANG_WARN_INFINITE_RECURSION = YES;
				CLANG_WARN_INT_CONVERSION = YES;
				CLANG_WARN_NON_LITERAL_NULL_CONVERSION = YES;
				CLANG_WARN_OBJC_IMPLICIT_RETAIN_SELF = YES;
				CLANG_WARN_OBJC_LITERAL_CONVERSION = YES;
				CLANG_WARN_OBJC_ROOT_CLASS = YES_ERROR;
				CLANG_WARN_RANGE_LOOP_ANALYSIS = YES;
				CLANG_WARN_STRICT_PROTOTYPES = YES;
				CLANG_WARN_SUSPICIOUS_MOVE = YES;
				CLANG_WARN_UNGUARDED_AVAILABILITY = YES_AGGRESSIVE;
				CLANG_WARN_UNREACHABLE_CODE = YES;
				CLANG_WARN__DUPLICATE_METHOD_MATCH = YES;
				CODE_SIGN_IDENTITY = "iPhone Developer";
				COPY_PHASE_STRIP = NO;
				DEBUG_INFORMATION_FORMAT = "dwarf-with-dsym";
				ENABLE_NS_ASSERTIONS = NO;
				ENABLE_STRICT_OBJC_MSGSEND = YES;
				GCC_C_LANGUAGE_STANDARD = gnu11;
				GCC_NO_COMMON_BLOCKS = YES;
				GCC_WARN_64_TO_32_BIT_CONVERSION = YES;
				GCC_WARN_ABOUT_RETURN_TYPE = YES_ERROR;
				GCC_WARN_UNDECLARED_SELECTOR = YES;
				GCC_WARN_UNINITIALIZED_AUTOS = YES_AGGRESSIVE;
				GCC_WARN_UNUSED_FUNCTION = YES;
				GCC_WARN_UNUSED_VARIABLE = YES;
				IPHONEOS_DEPLOYMENT_TARGET = 11.4;
				MTL_ENABLE_DEBUG_INFO = NO;
				SDKROOT = iphoneos;
				SWIFT_COMPILATION_MODE = wholemodule;
				SWIFT_OPTIMIZATION_LEVEL = "-O";
				VALIDATE_PRODUCT = YES;
			};
			name = Release;
		};
		0FBCFB0E20D32D8300F3494E /* Debug */ = {
			isa = XCBuildConfiguration;
			buildSettings = {
				ASSETCATALOG_COMPILER_APPICON_NAME = AppIcon;
				CODE_SIGN_STYLE = Automatic;
				DEVELOPMENT_TEAM = 8U3L6K9JA6;
				INFOPLIST_FILE = TezrBottleMenuiPad/Info.plist;
				LD_RUNPATH_SEARCH_PATHS = (
					"$(inherited)",
					"@executable_path/Frameworks",
				);
				PRODUCT_BUNDLE_IDENTIFIER = com.jonaftw.TezrBottleMenuiPad;
				PRODUCT_NAME = "$(TARGET_NAME)";
				SWIFT_VERSION = 4.0;
				TARGETED_DEVICE_FAMILY = "1,2";
			};
			name = Debug;
		};
		0FBCFB0F20D32D8300F3494E /* Release */ = {
			isa = XCBuildConfiguration;
			buildSettings = {
				ASSETCATALOG_COMPILER_APPICON_NAME = AppIcon;
				CODE_SIGN_STYLE = Automatic;
				DEVELOPMENT_TEAM = 8U3L6K9JA6;
				INFOPLIST_FILE = TezrBottleMenuiPad/Info.plist;
				LD_RUNPATH_SEARCH_PATHS = (
					"$(inherited)",
					"@executable_path/Frameworks",
				);
				PRODUCT_BUNDLE_IDENTIFIER = com.jonaftw.TezrBottleMenuiPad;
				PRODUCT_NAME = "$(TARGET_NAME)";
				SWIFT_VERSION = 4.0;
				TARGETED_DEVICE_FAMILY = "1,2";
			};
			name = Release;
		};
		E98F0F1B20D74AB1008545D2 /* Debug */ = {
			isa = XCBuildConfiguration;
			buildSettings = {
				BUNDLE_LOADER = "$(TEST_HOST)";
				CODE_SIGN_STYLE = Automatic;
				DEVELOPMENT_TEAM = 8U3L6K9JA6;
				INFOPLIST_FILE = TezrBottleMenuiPadTests/Info.plist;
				LD_RUNPATH_SEARCH_PATHS = (
					"$(inherited)",
					"@executable_path/Frameworks",
					"@loader_path/Frameworks",
				);
				PRODUCT_BUNDLE_IDENTIFIER = com.linniergames.TezrBottleMenuiPadTests;
				PRODUCT_NAME = "$(TARGET_NAME)";
				SWIFT_VERSION = 4.0;
				TARGETED_DEVICE_FAMILY = "1,2";
				TEST_HOST = "$(BUILT_PRODUCTS_DIR)/TezrBottleMenuiPad.app/TezrBottleMenuiPad";
			};
			name = Debug;
		};
		E98F0F1C20D74AB1008545D2 /* Release */ = {
			isa = XCBuildConfiguration;
			buildSettings = {
				BUNDLE_LOADER = "$(TEST_HOST)";
				CODE_SIGN_STYLE = Automatic;
				DEVELOPMENT_TEAM = 8U3L6K9JA6;
				INFOPLIST_FILE = TezrBottleMenuiPadTests/Info.plist;
				LD_RUNPATH_SEARCH_PATHS = (
					"$(inherited)",
					"@executable_path/Frameworks",
					"@loader_path/Frameworks",
				);
				PRODUCT_BUNDLE_IDENTIFIER = com.linniergames.TezrBottleMenuiPadTests;
				PRODUCT_NAME = "$(TARGET_NAME)";
				SWIFT_VERSION = 4.0;
				TARGETED_DEVICE_FAMILY = "1,2";
				TEST_HOST = "$(BUILT_PRODUCTS_DIR)/TezrBottleMenuiPad.app/TezrBottleMenuiPad";
			};
			name = Release;
		};
/* End XCBuildConfiguration section */

/* Begin XCConfigurationList section */
		0FBCFAF620D32D8100F3494E /* Build configuration list for PBXProject "TezrBottleMenuiPad" */ = {
			isa = XCConfigurationList;
			buildConfigurations = (
				0FBCFB0B20D32D8300F3494E /* Debug */,
				0FBCFB0C20D32D8300F3494E /* Release */,
			);
			defaultConfigurationIsVisible = 0;
			defaultConfigurationName = Release;
		};
		0FBCFB0D20D32D8300F3494E /* Build configuration list for PBXNativeTarget "TezrBottleMenuiPad" */ = {
			isa = XCConfigurationList;
			buildConfigurations = (
				0FBCFB0E20D32D8300F3494E /* Debug */,
				0FBCFB0F20D32D8300F3494E /* Release */,
			);
			defaultConfigurationIsVisible = 0;
			defaultConfigurationName = Release;
		};
		E98F0F1A20D74AB1008545D2 /* Build configuration list for PBXNativeTarget "TezrBottleMenuiPadTests" */ = {
			isa = XCConfigurationList;
			buildConfigurations = (
				E98F0F1B20D74AB1008545D2 /* Debug */,
				E98F0F1C20D74AB1008545D2 /* Release */,
			);
			defaultConfigurationIsVisible = 0;
			defaultConfigurationName = Release;
		};
/* End XCConfigurationList section */
	};
	rootObject = 0FBCFAF320D32D8100F3494E /* Project object */;
}
